// !$*UTF8*$!
{
	archiveVersion = 1;
	classes = {
	};
	objectVersion = 46;
	objects = {

/* Begin PBXBuildFile section */
		E615050A19E8AA3200C6AFFA /* QueueListCellView.m in Sources */ = {isa = PBXBuildFile; fileRef = E615050919E8AA3200C6AFFA /* QueueListCellView.m */; };
		E6194CAD19E614F100930613 /* main.m in Sources */ = {isa = PBXBuildFile; fileRef = E6194CAC19E614F100930613 /* main.m */; };
		E6194CB019E614F100930613 /* AppDelegate.m in Sources */ = {isa = PBXBuildFile; fileRef = E6194CAF19E614F100930613 /* AppDelegate.m */; };
		E6194CB219E614F100930613 /* Images.xcassets in Resources */ = {isa = PBXBuildFile; fileRef = E6194CB119E614F100930613 /* Images.xcassets */; };
		E6194CB519E614F100930613 /* MainMenu.xib in Resources */ = {isa = PBXBuildFile; fileRef = E6194CB319E614F100930613 /* MainMenu.xib */; };
		E6194CC119E614F100930613 /* pyLoadTests.m in Sources */ = {isa = PBXBuildFile; fileRef = E6194CC019E614F100930613 /* pyLoadTests.m */; };
		E6194CCD19E61D6E00930613 /* MainWindowController.m in Sources */ = {isa = PBXBuildFile; fileRef = E6194CCB19E61D6E00930613 /* MainWindowController.m */; };
		E6194CCE19E61D6E00930613 /* MainWindowController.xib in Resources */ = {isa = PBXBuildFile; fileRef = E6194CCC19E61D6E00930613 /* MainWindowController.xib */; };
		E61AF2F719E740B3008161DB /* CaptchaWindowController.m in Sources */ = {isa = PBXBuildFile; fileRef = E61AF2F519E740B3008161DB /* CaptchaWindowController.m */; };
		E61AF2F819E740B3008161DB /* CaptchaWindowController.xib in Resources */ = {isa = PBXBuildFile; fileRef = E61AF2F619E740B3008161DB /* CaptchaWindowController.xib */; };
		E61AF2FD19E77163008161DB /* NewPackageWindowController.m in Sources */ = {isa = PBXBuildFile; fileRef = E61AF2FB19E77163008161DB /* NewPackageWindowController.m */; };
		E61AF2FE19E77163008161DB /* NewPackageWindowController.xib in Resources */ = {isa = PBXBuildFile; fileRef = E61AF2FC19E77163008161DB /* NewPackageWindowController.xib */; };
		E622AFA319EF6EB700745A42 /* ThrobberModalWindowController.m in Sources */ = {isa = PBXBuildFile; fileRef = E622AFA119EF6EB700745A42 /* ThrobberModalWindowController.m */; };
		E622AFA419EF6EB700745A42 /* ThrobberModalWindowController.xib in Resources */ = {isa = PBXBuildFile; fileRef = E622AFA219EF6EB700745A42 /* ThrobberModalWindowController.xib */; };
		E65B69DC19E6256300EB83CA /* PYLServer.m in Sources */ = {isa = PBXBuildFile; fileRef = E65B69DB19E6256300EB83CA /* PYLServer.m */; };
		E65B69E019E627B300EB83CA /* LoginSheetController.m in Sources */ = {isa = PBXBuildFile; fileRef = E65B69DE19E627B300EB83CA /* LoginSheetController.m */; };
		E65B69E119E627B300EB83CA /* LoginSheetController.xib in Resources */ = {isa = PBXBuildFile; fileRef = E65B69DF19E627B300EB83CA /* LoginSheetController.xib */; };
		E676BBC119E6549E00144D23 /* DownloadListCellView.m in Sources */ = {isa = PBXBuildFile; fileRef = E676BBC019E6549E00144D23 /* DownloadListCellView.m */; };
		E686E23519E8E4E10071C1F0 /* PYLLogLine.m in Sources */ = {isa = PBXBuildFile; fileRef = E686E23419E8E4E10071C1F0 /* PYLLogLine.m */; };
/* End PBXBuildFile section */

/* Begin PBXContainerItemProxy section */
		E6194CBB19E614F100930613 /* PBXContainerItemProxy */ = {
			isa = PBXContainerItemProxy;
			containerPortal = E6194C9F19E614F100930613 /* Project object */;
			proxyType = 1;
			remoteGlobalIDString = E6194CA619E614F100930613;
			remoteInfo = pyLoad;
		};
/* End PBXContainerItemProxy section */

/* Begin PBXFileReference section */
		E615050819E8AA3200C6AFFA /* QueueListCellView.h */ = {isa = PBXFileReference; fileEncoding = 4; lastKnownFileType = sourcecode.c.h; path = QueueListCellView.h; sourceTree = "<group>"; };
		E615050919E8AA3200C6AFFA /* QueueListCellView.m */ = {isa = PBXFileReference; fileEncoding = 4; lastKnownFileType = sourcecode.c.objc; path = QueueListCellView.m; sourceTree = "<group>"; };
		E6194CA719E614F100930613 /* pyLoad.app */ = {isa = PBXFileReference; explicitFileType = wrapper.application; includeInIndex = 0; path = pyLoad.app; sourceTree = BUILT_PRODUCTS_DIR; };
		E6194CAB19E614F100930613 /* Info.plist */ = {isa = PBXFileReference; lastKnownFileType = text.plist.xml; path = Info.plist; sourceTree = "<group>"; };
		E6194CAC19E614F100930613 /* main.m */ = {isa = PBXFileReference; lastKnownFileType = sourcecode.c.objc; path = main.m; sourceTree = "<group>"; };
		E6194CAE19E614F100930613 /* AppDelegate.h */ = {isa = PBXFileReference; lastKnownFileType = sourcecode.c.h; path = AppDelegate.h; sourceTree = "<group>"; };
		E6194CAF19E614F100930613 /* AppDelegate.m */ = {isa = PBXFileReference; lastKnownFileType = sourcecode.c.objc; path = AppDelegate.m; sourceTree = "<group>"; };
		E6194CB119E614F100930613 /* Images.xcassets */ = {isa = PBXFileReference; lastKnownFileType = folder.assetcatalog; path = Images.xcassets; sourceTree = "<group>"; };
		E6194CB419E614F100930613 /* Base */ = {isa = PBXFileReference; lastKnownFileType = file.xib; name = Base; path = Base.lproj/MainMenu.xib; sourceTree = "<group>"; };
		E6194CBA19E614F100930613 /* pyLoadTests.xctest */ = {isa = PBXFileReference; explicitFileType = wrapper.cfbundle; includeInIndex = 0; path = pyLoadTests.xctest; sourceTree = BUILT_PRODUCTS_DIR; };
		E6194CBF19E614F100930613 /* Info.plist */ = {isa = PBXFileReference; lastKnownFileType = text.plist.xml; path = Info.plist; sourceTree = "<group>"; };
		E6194CC019E614F100930613 /* pyLoadTests.m */ = {isa = PBXFileReference; lastKnownFileType = sourcecode.c.objc; path = pyLoadTests.m; sourceTree = "<group>"; };
		E6194CCA19E61D6E00930613 /* MainWindowController.h */ = {isa = PBXFileReference; fileEncoding = 4; lastKnownFileType = sourcecode.c.h; path = MainWindowController.h; sourceTree = "<group>"; };
		E6194CCB19E61D6E00930613 /* MainWindowController.m */ = {isa = PBXFileReference; fileEncoding = 4; lastKnownFileType = sourcecode.c.objc; path = MainWindowController.m; sourceTree = "<group>"; };
		E6194CCC19E61D6E00930613 /* MainWindowController.xib */ = {isa = PBXFileReference; fileEncoding = 4; lastKnownFileType = file.xib; path = MainWindowController.xib; sourceTree = "<group>"; };
		E61AF2F419E740B3008161DB /* CaptchaWindowController.h */ = {isa = PBXFileReference; fileEncoding = 4; lastKnownFileType = sourcecode.c.h; path = CaptchaWindowController.h; sourceTree = "<group>"; };
		E61AF2F519E740B3008161DB /* CaptchaWindowController.m */ = {isa = PBXFileReference; fileEncoding = 4; lastKnownFileType = sourcecode.c.objc; path = CaptchaWindowController.m; sourceTree = "<group>"; };
		E61AF2F619E740B3008161DB /* CaptchaWindowController.xib */ = {isa = PBXFileReference; fileEncoding = 4; lastKnownFileType = file.xib; path = CaptchaWindowController.xib; sourceTree = "<group>"; };
		E61AF2FA19E77163008161DB /* NewPackageWindowController.h */ = {isa = PBXFileReference; fileEncoding = 4; lastKnownFileType = sourcecode.c.h; path = NewPackageWindowController.h; sourceTree = "<group>"; };
		E61AF2FB19E77163008161DB /* NewPackageWindowController.m */ = {isa = PBXFileReference; fileEncoding = 4; lastKnownFileType = sourcecode.c.objc; path = NewPackageWindowController.m; sourceTree = "<group>"; };
		E61AF2FC19E77163008161DB /* NewPackageWindowController.xib */ = {isa = PBXFileReference; fileEncoding = 4; lastKnownFileType = file.xib; path = NewPackageWindowController.xib; sourceTree = "<group>"; };
		E622AFA019EF6EB700745A42 /* ThrobberModalWindowController.h */ = {isa = PBXFileReference; fileEncoding = 4; lastKnownFileType = sourcecode.c.h; path = ThrobberModalWindowController.h; sourceTree = "<group>"; };
		E622AFA119EF6EB700745A42 /* ThrobberModalWindowController.m */ = {isa = PBXFileReference; fileEncoding = 4; lastKnownFileType = sourcecode.c.objc; path = ThrobberModalWindowController.m; sourceTree = "<group>"; };
		E622AFA219EF6EB700745A42 /* ThrobberModalWindowController.xib */ = {isa = PBXFileReference; fileEncoding = 4; lastKnownFileType = file.xib; path = ThrobberModalWindowController.xib; sourceTree = "<group>"; };
		E65B69DA19E6256300EB83CA /* PYLServer.h */ = {isa = PBXFileReference; fileEncoding = 4; lastKnownFileType = sourcecode.c.h; path = PYLServer.h; sourceTree = "<group>"; };
		E65B69DB19E6256300EB83CA /* PYLServer.m */ = {isa = PBXFileReference; fileEncoding = 4; lastKnownFileType = sourcecode.c.objc; path = PYLServer.m; sourceTree = "<group>"; };
		E65B69DD19E627B300EB83CA /* LoginSheetController.h */ = {isa = PBXFileReference; fileEncoding = 4; lastKnownFileType = sourcecode.c.h; path = LoginSheetController.h; sourceTree = "<group>"; };
		E65B69DE19E627B300EB83CA /* LoginSheetController.m */ = {isa = PBXFileReference; fileEncoding = 4; lastKnownFileType = sourcecode.c.objc; path = LoginSheetController.m; sourceTree = "<group>"; };
		E65B69DF19E627B300EB83CA /* LoginSheetController.xib */ = {isa = PBXFileReference; fileEncoding = 4; lastKnownFileType = file.xib; path = LoginSheetController.xib; sourceTree = "<group>"; };
		E676BBBF19E6549E00144D23 /* DownloadListCellView.h */ = {isa = PBXFileReference; fileEncoding = 4; lastKnownFileType = sourcecode.c.h; path = DownloadListCellView.h; sourceTree = "<group>"; };
		E676BBC019E6549E00144D23 /* DownloadListCellView.m */ = {isa = PBXFileReference; fileEncoding = 4; lastKnownFileType = sourcecode.c.objc; path = DownloadListCellView.m; sourceTree = "<group>"; };
		E686E23319E8E4E10071C1F0 /* PYLLogLine.h */ = {isa = PBXFileReference; fileEncoding = 4; lastKnownFileType = sourcecode.c.h; path = PYLLogLine.h; sourceTree = "<group>"; };
		E686E23419E8E4E10071C1F0 /* PYLLogLine.m */ = {isa = PBXFileReference; fileEncoding = 4; lastKnownFileType = sourcecode.c.objc; path = PYLLogLine.m; sourceTree = "<group>"; };
/* End PBXFileReference section */

/* Begin PBXFrameworksBuildPhase section */
		E6194CA419E614F100930613 /* Frameworks */ = {
			isa = PBXFrameworksBuildPhase;
			buildActionMask = 2147483647;
			files = (
			);
			runOnlyForDeploymentPostprocessing = 0;
		};
		E6194CB719E614F100930613 /* Frameworks */ = {
			isa = PBXFrameworksBuildPhase;
			buildActionMask = 2147483647;
			files = (
			);
			runOnlyForDeploymentPostprocessing = 0;
		};
/* End PBXFrameworksBuildPhase section */

/* Begin PBXGroup section */
		E6194C9E19E614F100930613 = {
			isa = PBXGroup;
			children = (
				E6194CA919E614F100930613 /* pyLoad */,
				E6194CBD19E614F100930613 /* pyLoadTests */,
				E6194CA819E614F100930613 /* Products */,
			);
			sourceTree = "<group>";
		};
		E6194CA819E614F100930613 /* Products */ = {
			isa = PBXGroup;
			children = (
				E6194CA719E614F100930613 /* pyLoad.app */,
				E6194CBA19E614F100930613 /* pyLoadTests.xctest */,
			);
			name = Products;
			sourceTree = "<group>";
		};
		E6194CA919E614F100930613 /* pyLoad */ = {
			isa = PBXGroup;
			children = (
				E622AF9F19EF6E9800745A42 /* ThrobberModal */,
				E61AF2F919E770B7008161DB /* NewPackage */,
				E61AF2F319E74031008161DB /* Captcha */,
				E65B69E519E6464E00EB83CA /* Server */,
				E65B69E419E627D700EB83CA /* Application */,
				E65B69E319E627C600EB83CA /* LoginSheet */,
				E65B69E219E627B800EB83CA /* MainWindow */,
				E6194CAA19E614F100930613 /* Supporting Files */,
			);
			path = pyLoad;
			sourceTree = "<group>";
		};
		E6194CAA19E614F100930613 /* Supporting Files */ = {
			isa = PBXGroup;
			children = (
				E6194CAB19E614F100930613 /* Info.plist */,
				E6194CAC19E614F100930613 /* main.m */,
			);
			name = "Supporting Files";
			sourceTree = "<group>";
		};
		E6194CBD19E614F100930613 /* pyLoadTests */ = {
			isa = PBXGroup;
			children = (
				E6194CC019E614F100930613 /* pyLoadTests.m */,
				E6194CBE19E614F100930613 /* Supporting Files */,
			);
			path = pyLoadTests;
			sourceTree = "<group>";
		};
		E6194CBE19E614F100930613 /* Supporting Files */ = {
			isa = PBXGroup;
			children = (
				E6194CBF19E614F100930613 /* Info.plist */,
			);
			name = "Supporting Files";
			sourceTree = "<group>";
		};
		E61AF2F319E74031008161DB /* Captcha */ = {
			isa = PBXGroup;
			children = (
				E61AF2F419E740B3008161DB /* CaptchaWindowController.h */,
				E61AF2F519E740B3008161DB /* CaptchaWindowController.m */,
				E61AF2F619E740B3008161DB /* CaptchaWindowController.xib */,
			);
			name = Captcha;
			sourceTree = "<group>";
		};
		E61AF2F919E770B7008161DB /* NewPackage */ = {
			isa = PBXGroup;
			children = (
				E61AF2FA19E77163008161DB /* NewPackageWindowController.h */,
				E61AF2FB19E77163008161DB /* NewPackageWindowController.m */,
				E61AF2FC19E77163008161DB /* NewPackageWindowController.xib */,
			);
			name = NewPackage;
			sourceTree = "<group>";
		};
		E622AF9F19EF6E9800745A42 /* ThrobberModal */ = {
			isa = PBXGroup;
			children = (
				E622AFA019EF6EB700745A42 /* ThrobberModalWindowController.h */,
				E622AFA119EF6EB700745A42 /* ThrobberModalWindowController.m */,
				E622AFA219EF6EB700745A42 /* ThrobberModalWindowController.xib */,
			);
			name = ThrobberModal;
			sourceTree = "<group>";
		};
		E65B69E219E627B800EB83CA /* MainWindow */ = {
			isa = PBXGroup;
			children = (
				E6194CCA19E61D6E00930613 /* MainWindowController.h */,
				E6194CCB19E61D6E00930613 /* MainWindowController.m */,
				E6194CCC19E61D6E00930613 /* MainWindowController.xib */,
				E676BBBF19E6549E00144D23 /* DownloadListCellView.h */,
				E676BBC019E6549E00144D23 /* DownloadListCellView.m */,
				E615050819E8AA3200C6AFFA /* QueueListCellView.h */,
				E615050919E8AA3200C6AFFA /* QueueListCellView.m */,
			);
			name = MainWindow;
			sourceTree = "<group>";
		};
		E65B69E319E627C600EB83CA /* LoginSheet */ = {
			isa = PBXGroup;
			children = (
				E65B69DD19E627B300EB83CA /* LoginSheetController.h */,
				E65B69DE19E627B300EB83CA /* LoginSheetController.m */,
				E65B69DF19E627B300EB83CA /* LoginSheetController.xib */,
			);
			name = LoginSheet;
			sourceTree = "<group>";
		};
		E65B69E419E627D700EB83CA /* Application */ = {
			isa = PBXGroup;
			children = (
				E6194CAE19E614F100930613 /* AppDelegate.h */,
				E6194CAF19E614F100930613 /* AppDelegate.m */,
				E6194CB119E614F100930613 /* Images.xcassets */,
				E6194CB319E614F100930613 /* MainMenu.xib */,
			);
			name = Application;
			sourceTree = "<group>";
		};
		E65B69E519E6464E00EB83CA /* Server */ = {
			isa = PBXGroup;
			children = (
				E65B69DA19E6256300EB83CA /* PYLServer.h */,
				E65B69DB19E6256300EB83CA /* PYLServer.m */,
				E686E23319E8E4E10071C1F0 /* PYLLogLine.h */,
				E686E23419E8E4E10071C1F0 /* PYLLogLine.m */,
			);
			name = Server;
			sourceTree = "<group>";
		};
/* End PBXGroup section */

/* Begin PBXNativeTarget section */
		E6194CA619E614F100930613 /* pyLoad */ = {
			isa = PBXNativeTarget;
			buildConfigurationList = E6194CC419E614F100930613 /* Build configuration list for PBXNativeTarget "pyLoad" */;
			buildPhases = (
				E6194CA319E614F100930613 /* Sources */,
				E6194CA419E614F100930613 /* Frameworks */,
				E6194CA519E614F100930613 /* Resources */,
			);
			buildRules = (
			);
			dependencies = (
			);
			name = pyLoad;
			productName = pyLoad;
			productReference = E6194CA719E614F100930613 /* pyLoad.app */;
			productType = "com.apple.product-type.application";
		};
		E6194CB919E614F100930613 /* pyLoadTests */ = {
			isa = PBXNativeTarget;
			buildConfigurationList = E6194CC719E614F100930613 /* Build configuration list for PBXNativeTarget "pyLoadTests" */;
			buildPhases = (
				E6194CB619E614F100930613 /* Sources */,
				E6194CB719E614F100930613 /* Frameworks */,
				E6194CB819E614F100930613 /* Resources */,
			);
			buildRules = (
			);
			dependencies = (
				E6194CBC19E614F100930613 /* PBXTargetDependency */,
			);
			name = pyLoadTests;
			productName = pyLoadTests;
			productReference = E6194CBA19E614F100930613 /* pyLoadTests.xctest */;
			productType = "com.apple.product-type.bundle.unit-test";
		};
/* End PBXNativeTarget section */

/* Begin PBXProject section */
		E6194C9F19E614F100930613 /* Project object */ = {
			isa = PBXProject;
			attributes = {
				LastUpgradeCheck = 0600;
				ORGANIZATIONNAME = "Daniel Loffgren";
				TargetAttributes = {
					E6194CA619E614F100930613 = {
						CreatedOnToolsVersion = 6.0.1;
					};
					E6194CB919E614F100930613 = {
						CreatedOnToolsVersion = 6.0.1;
						TestTargetID = E6194CA619E614F100930613;
					};
				};
			};
			buildConfigurationList = E6194CA219E614F100930613 /* Build configuration list for PBXProject "pyLoad" */;
			compatibilityVersion = "Xcode 3.2";
			developmentRegion = English;
			hasScannedForEncodings = 0;
			knownRegions = (
				en,
				Base,
			);
			mainGroup = E6194C9E19E614F100930613;
			productRefGroup = E6194CA819E614F100930613 /* Products */;
			projectDirPath = "";
			projectRoot = "";
			targets = (
				E6194CA619E614F100930613 /* pyLoad */,
				E6194CB919E614F100930613 /* pyLoadTests */,
			);
		};
/* End PBXProject section */

/* Begin PBXResourcesBuildPhase section */
		E6194CA519E614F100930613 /* Resources */ = {
			isa = PBXResourcesBuildPhase;
			buildActionMask = 2147483647;
			files = (
				E6194CB219E614F100930613 /* Images.xcassets in Resources */,
				E6194CCE19E61D6E00930613 /* MainWindowController.xib in Resources */,
				E6194CB519E614F100930613 /* MainMenu.xib in Resources */,
				E61AF2FE19E77163008161DB /* NewPackageWindowController.xib in Resources */,
				E61AF2F819E740B3008161DB /* CaptchaWindowController.xib in Resources */,
				E622AFA419EF6EB700745A42 /* ThrobberModalWindowController.xib in Resources */,
				E65B69E119E627B300EB83CA /* LoginSheetController.xib in Resources */,
			);
			runOnlyForDeploymentPostprocessing = 0;
		};
		E6194CB819E614F100930613 /* Resources */ = {
			isa = PBXResourcesBuildPhase;
			buildActionMask = 2147483647;
			files = (
			);
			runOnlyForDeploymentPostprocessing = 0;
		};
/* End PBXResourcesBuildPhase section */

/* Begin PBXSourcesBuildPhase section */
		E6194CA319E614F100930613 /* Sources */ = {
			isa = PBXSourcesBuildPhase;
			buildActionMask = 2147483647;
			files = (
				E65B69E019E627B300EB83CA /* LoginSheetController.m in Sources */,
				E61AF2FD19E77163008161DB /* NewPackageWindowController.m in Sources */,
				E615050A19E8AA3200C6AFFA /* QueueListCellView.m in Sources */,
				E6194CCD19E61D6E00930613 /* MainWindowController.m in Sources */,
				E676BBC119E6549E00144D23 /* DownloadListCellView.m in Sources */,
				E6194CB019E614F100930613 /* AppDelegate.m in Sources */,
				E65B69DC19E6256300EB83CA /* PYLServer.m in Sources */,
				E622AFA319EF6EB700745A42 /* ThrobberModalWindowController.m in Sources */,
				E6194CAD19E614F100930613 /* main.m in Sources */,
				E686E23519E8E4E10071C1F0 /* PYLLogLine.m in Sources */,
				E61AF2F719E740B3008161DB /* CaptchaWindowController.m in Sources */,
			);
			runOnlyForDeploymentPostprocessing = 0;
		};
		E6194CB619E614F100930613 /* Sources */ = {
			isa = PBXSourcesBuildPhase;
			buildActionMask = 2147483647;
			files = (
				E6194CC119E614F100930613 /* pyLoadTests.m in Sources */,
			);
			runOnlyForDeploymentPostprocessing = 0;
		};
/* End PBXSourcesBuildPhase section */

/* Begin PBXTargetDependency section */
		E6194CBC19E614F100930613 /* PBXTargetDependency */ = {
			isa = PBXTargetDependency;
			target = E6194CA619E614F100930613 /* pyLoad */;
			targetProxy = E6194CBB19E614F100930613 /* PBXContainerItemProxy */;
		};
/* End PBXTargetDependency section */

/* Begin PBXVariantGroup section */
		E6194CB319E614F100930613 /* MainMenu.xib */ = {
			isa = PBXVariantGroup;
			children = (
				E6194CB419E614F100930613 /* Base */,
			);
			name = MainMenu.xib;
			sourceTree = "<group>";
		};
/* End PBXVariantGroup section */

/* Begin XCBuildConfiguration section */
		E6194CC219E614F100930613 /* Debug */ = {
			isa = XCBuildConfiguration;
			buildSettings = {
				ALWAYS_SEARCH_USER_PATHS = NO;
				CLANG_CXX_LANGUAGE_STANDARD = "gnu++0x";
				CLANG_CXX_LIBRARY = "libc++";
				CLANG_ENABLE_MODULES = YES;
				CLANG_WARN_BOOL_CONVERSION = YES;
				CLANG_WARN_CONSTANT_CONVERSION = YES;
				CLANG_WARN_DIRECT_OBJC_ISA_USAGE = YES_ERROR;
				CLANG_WARN_EMPTY_BODY = YES;
				CLANG_WARN_ENUM_CONVERSION = YES;
				CLANG_WARN_INT_CONVERSION = YES;
				CLANG_WARN_OBJC_ROOT_CLASS = YES_ERROR;
				CLANG_WARN_UNREACHABLE_CODE = YES;
				CLANG_WARN__DUPLICATE_METHOD_MATCH = YES;
				CODE_SIGN_IDENTITY = "-";
				COPY_PHASE_STRIP = NO;
				ENABLE_STRICT_OBJC_MSGSEND = YES;
				GCC_C_LANGUAGE_STANDARD = gnu99;
				GCC_DYNAMIC_NO_PIC = NO;
				GCC_OPTIMIZATION_LEVEL = 0;
				GCC_PREPROCESSOR_DEFINITIONS = (
					"DEBUG=1",
					"$(inherited)",
				);
				GCC_SYMBOLS_PRIVATE_EXTERN = NO;
				GCC_WARN_64_TO_32_BIT_CONVERSION = YES;
				GCC_WARN_ABOUT_RETURN_TYPE = YES_ERROR;
				GCC_WARN_UNDECLARED_SELECTOR = YES;
				GCC_WARN_UNINITIALIZED_AUTOS = YES_AGGRESSIVE;
				GCC_WARN_UNUSED_FUNCTION = YES;
				GCC_WARN_UNUSED_VARIABLE = YES;
				MACOSX_DEPLOYMENT_TARGET = 10.9;
				MTL_ENABLE_DEBUG_INFO = YES;
				ONLY_ACTIVE_ARCH = YES;
				SDKROOT = macosx;
			};
			name = Debug;
		};
		E6194CC319E614F100930613 /* Release */ = {
			isa = XCBuildConfiguration;
			buildSettings = {
				ALWAYS_SEARCH_USER_PATHS = NO;
				CLANG_CXX_LANGUAGE_STANDARD = "gnu++0x";
				CLANG_CXX_LIBRARY = "libc++";
				CLANG_ENABLE_MODULES = YES;
				CLANG_WARN_BOOL_CONVERSION = YES;
				CLANG_WARN_CONSTANT_CONVERSION = YES;
				CLANG_WARN_DIRECT_OBJC_ISA_USAGE = YES_ERROR;
				CLANG_WARN_EMPTY_BODY = YES;
				CLANG_WARN_ENUM_CONVERSION = YES;
				CLANG_WARN_INT_CONVERSION = YES;
				CLANG_WARN_OBJC_ROOT_CLASS = YES_ERROR;
				CLANG_WARN_UNREACHABLE_CODE = YES;
				CLANG_WARN__DUPLICATE_METHOD_MATCH = YES;
				CODE_SIGN_IDENTITY = "-";
				COPY_PHASE_STRIP = YES;
				DEBUG_INFORMATION_FORMAT = "dwarf-with-dsym";
				ENABLE_NS_ASSERTIONS = NO;
				ENABLE_STRICT_OBJC_MSGSEND = YES;
				GCC_C_LANGUAGE_STANDARD = gnu99;
				GCC_WARN_64_TO_32_BIT_CONVERSION = YES;
				GCC_WARN_ABOUT_RETURN_TYPE = YES_ERROR;
				GCC_WARN_UNDECLARED_SELECTOR = YES;
				GCC_WARN_UNINITIALIZED_AUTOS = YES_AGGRESSIVE;
				GCC_WARN_UNUSED_FUNCTION = YES;
				GCC_WARN_UNUSED_VARIABLE = YES;
				MACOSX_DEPLOYMENT_TARGET = 10.9;
				MTL_ENABLE_DEBUG_INFO = NO;
				SDKROOT = macosx;
			};
			name = Release;
		};
		E6194CC519E614F100930613 /* Debug */ = {
			isa = XCBuildConfiguration;
			buildSettings = {
				ASSETCATALOG_COMPILER_APPICON_NAME = AppIcon;
				COMBINE_HIDPI_IMAGES = YES;
				INFOPLIST_FILE = pyLoad/Info.plist;
				LD_RUNPATH_SEARCH_PATHS = "$(inherited) @executable_path/../Frameworks";
				PRODUCT_NAME = "$(TARGET_NAME)";
			};
			name = Debug;
		};
		E6194CC619E614F100930613 /* Release */ = {
			isa = XCBuildConfiguration;
			buildSettings = {
				ASSETCATALOG_COMPILER_APPICON_NAME = AppIcon;
				COMBINE_HIDPI_IMAGES = YES;
				INFOPLIST_FILE = pyLoad/Info.plist;
				LD_RUNPATH_SEARCH_PATHS = "$(inherited) @executable_path/../Frameworks";
				PRODUCT_NAME = "$(TARGET_NAME)";
			};
			name = Release;
		};
		E6194CC819E614F100930613 /* Debug */ = {
			isa = XCBuildConfiguration;
			buildSettings = {
				BUNDLE_LOADER = "$(TEST_HOST)";
				COMBINE_HIDPI_IMAGES = YES;
				FRAMEWORK_SEARCH_PATHS = (
					"$(DEVELOPER_FRAMEWORKS_DIR)",
					"$(inherited)",
				);
				GCC_PREPROCESSOR_DEFINITIONS = (
					"DEBUG=1",
					"$(inherited)",
				);
				INFOPLIST_FILE = pyLoadTests/Info.plist;
				LD_RUNPATH_SEARCH_PATHS = "$(inherited) @executable_path/../Frameworks @loader_path/../Frameworks";
				PRODUCT_NAME = "$(TARGET_NAME)";
				TEST_HOST = "$(BUILT_PRODUCTS_DIR)/pyLoad.app/Contents/MacOS/pyLoad";
			};
			name = Debug;
		};
		E6194CC919E614F100930613 /* Release */ = {
			isa = XCBuildConfiguration;
			buildSettings = {
				BUNDLE_LOADER = "$(TEST_HOST)";
				COMBINE_HIDPI_IMAGES = YES;
				FRAMEWORK_SEARCH_PATHS = (
					"$(DEVELOPER_FRAMEWORKS_DIR)",
					"$(inherited)",
				);
				INFOPLIST_FILE = pyLoadTests/Info.plist;
				LD_RUNPATH_SEARCH_PATHS = "$(inherited) @executable_path/../Frameworks @loader_path/../Frameworks";
				PRODUCT_NAME = "$(TARGET_NAME)";
				TEST_HOST = "$(BUILT_PRODUCTS_DIR)/pyLoad.app/Contents/MacOS/pyLoad";
			};
			name = Release;
		};
/* End XCBuildConfiguration section */

/* Begin XCConfigurationList section */
		E6194CA219E614F100930613 /* Build configuration list for PBXProject "pyLoad" */ = {
			isa = XCConfigurationList;
			buildConfigurations = (
				E6194CC219E614F100930613 /* Debug */,
				E6194CC319E614F100930613 /* Release */,
			);
			defaultConfigurationIsVisible = 0;
			defaultConfigurationName = Release;
		};
		E6194CC419E614F100930613 /* Build configuration list for PBXNativeTarget "pyLoad" */ = {
			isa = XCConfigurationList;
			buildConfigurations = (
				E6194CC519E614F100930613 /* Debug */,
				E6194CC619E614F100930613 /* Release */,
			);
			defaultConfigurationIsVisible = 0;
			defaultConfigurationName = Release;
		};
		E6194CC719E614F100930613 /* Build configuration list for PBXNativeTarget "pyLoadTests" */ = {
			isa = XCConfigurationList;
			buildConfigurations = (
				E6194CC819E614F100930613 /* Debug */,
				E6194CC919E614F100930613 /* Release */,
			);
			defaultConfigurationIsVisible = 0;
			defaultConfigurationName = Release;
		};
/* End XCConfigurationList section */
	};
	rootObject = E6194C9F19E614F100930613 /* Project object */;
}
